// !$*UTF8*$!
{
	archiveVersion = 1;
	classes = {
	};
	objectVersion = 46;
	objects = {

/* Begin PBXBuildFile section */
		814C99CF1F0F84800091EEDA /* AppDelegate.swift in Sources */ = {isa = PBXBuildFile; fileRef = 814C99CE1F0F84800091EEDA /* AppDelegate.swift */; };
		814C99D11F0F84800091EEDA /* ViewController.swift in Sources */ = {isa = PBXBuildFile; fileRef = 814C99D01F0F84800091EEDA /* ViewController.swift */; };
		814C99D41F0F84800091EEDA /* Main.storyboard in Resources */ = {isa = PBXBuildFile; fileRef = 814C99D21F0F84800091EEDA /* Main.storyboard */; };
		814C99D61F0F84800091EEDA /* Assets.xcassets in Resources */ = {isa = PBXBuildFile; fileRef = 814C99D51F0F84800091EEDA /* Assets.xcassets */; };
		814C99D91F0F84800091EEDA /* LaunchScreen.storyboard in Resources */ = {isa = PBXBuildFile; fileRef = 814C99D71F0F84800091EEDA /* LaunchScreen.storyboard */; };
		814C99E41F0F84800091EEDA /* SynchronizedArrayTests.swift in Sources */ = {isa = PBXBuildFile; fileRef = 814C99E31F0F84800091EEDA /* SynchronizedArrayTests.swift */; };
		814C99EF1F0F84910091EEDA /* SynchronizedArray.swift in Sources */ = {isa = PBXBuildFile; fileRef = 814C99EE1F0F84910091EEDA /* SynchronizedArray.swift */; };
/* End PBXBuildFile section */

/* Begin PBXContainerItemProxy section */
		814C99E01F0F84800091EEDA /* PBXContainerItemProxy */ = {
			isa = PBXContainerItemProxy;
			containerPortal = 814C99C31F0F84800091EEDA /* Project object */;
			proxyType = 1;
			remoteGlobalIDString = 814C99CA1F0F84800091EEDA;
			remoteInfo = SynchronizedArray;
		};
/* End PBXContainerItemProxy section */

/* Begin PBXFileReference section */
		814C99CB1F0F84800091EEDA /* SynchronizedArray.app */ = {isa = PBXFileReference; explicitFileType = wrapper.application; includeInIndex = 0; path = SynchronizedArray.app; sourceTree = BUILT_PRODUCTS_DIR; };
		814C99CE1F0F84800091EEDA /* AppDelegate.swift */ = {isa = PBXFileReference; lastKnownFileType = sourcecode.swift; path = AppDelegate.swift; sourceTree = "<group>"; };
		814C99D01F0F84800091EEDA /* ViewController.swift */ = {isa = PBXFileReference; lastKnownFileType = sourcecode.swift; path = ViewController.swift; sourceTree = "<group>"; };
		814C99D31F0F84800091EEDA /* Base */ = {isa = PBXFileReference; lastKnownFileType = file.storyboard; name = Base; path = Base.lproj/Main.storyboard; sourceTree = "<group>"; };
		814C99D51F0F84800091EEDA /* Assets.xcassets */ = {isa = PBXFileReference; lastKnownFileType = folder.assetcatalog; path = Assets.xcassets; sourceTree = "<group>"; };
		814C99D81F0F84800091EEDA /* Base */ = {isa = PBXFileReference; lastKnownFileType = file.storyboard; name = Base; path = Base.lproj/LaunchScreen.storyboard; sourceTree = "<group>"; };
		814C99DA1F0F84800091EEDA /* Info.plist */ = {isa = PBXFileReference; lastKnownFileType = text.plist.xml; path = Info.plist; sourceTree = "<group>"; };
		814C99DF1F0F84800091EEDA /* SynchronizedArrayTests.xctest */ = {isa = PBXFileReference; explicitFileType = wrapper.cfbundle; includeInIndex = 0; path = SynchronizedArrayTests.xctest; sourceTree = BUILT_PRODUCTS_DIR; };
		814C99E31F0F84800091EEDA /* SynchronizedArrayTests.swift */ = {isa = PBXFileReference; lastKnownFileType = sourcecode.swift; path = SynchronizedArrayTests.swift; sourceTree = "<group>"; };
		814C99E51F0F84800091EEDA /* Info.plist */ = {isa = PBXFileReference; lastKnownFileType = text.plist.xml; path = Info.plist; sourceTree = "<group>"; };
		814C99EE1F0F84910091EEDA /* SynchronizedArray.swift */ = {isa = PBXFileReference; fileEncoding = 4; lastKnownFileType = sourcecode.swift; path = SynchronizedArray.swift; sourceTree = "<group>"; };
/* End PBXFileReference section */

/* Begin PBXFrameworksBuildPhase section */
		814C99C81F0F84800091EEDA /* Frameworks */ = {
			isa = PBXFrameworksBuildPhase;
			buildActionMask = 2147483647;
			files = (
			);
			runOnlyForDeploymentPostprocessing = 0;
		};
		814C99DC1F0F84800091EEDA /* Frameworks */ = {
			isa = PBXFrameworksBuildPhase;
			buildActionMask = 2147483647;
			files = (
			);
			runOnlyForDeploymentPostprocessing = 0;
		};
/* End PBXFrameworksBuildPhase section */

/* Begin PBXGroup section */
		814C99C21F0F84800091EEDA = {
			isa = PBXGroup;
			children = (
				814C99CD1F0F84800091EEDA /* SynchronizedArray */,
				814C99E21F0F84800091EEDA /* SynchronizedArrayTests */,
				814C99CC1F0F84800091EEDA /* Products */,
			);
			sourceTree = "<group>";
		};
		814C99CC1F0F84800091EEDA /* Products */ = {
			isa = PBXGroup;
			children = (
				814C99CB1F0F84800091EEDA /* SynchronizedArray.app */,
				814C99DF1F0F84800091EEDA /* SynchronizedArrayTests.xctest */,
			);
			name = Products;
			sourceTree = "<group>";
		};
		814C99CD1F0F84800091EEDA /* SynchronizedArray */ = {
			isa = PBXGroup;
			children = (
				814C99CE1F0F84800091EEDA /* AppDelegate.swift */,
				814C99D01F0F84800091EEDA /* ViewController.swift */,
				814C99D21F0F84800091EEDA /* Main.storyboard */,
				814C99D51F0F84800091EEDA /* Assets.xcassets */,
				814C99D71F0F84800091EEDA /* LaunchScreen.storyboard */,
				814C99DA1F0F84800091EEDA /* Info.plist */,
				814C99EE1F0F84910091EEDA /* SynchronizedArray.swift */,
			);
			path = SynchronizedArray;
			sourceTree = "<group>";
		};
		814C99E21F0F84800091EEDA /* SynchronizedArrayTests */ = {
			isa = PBXGroup;
			children = (
				814C99E31F0F84800091EEDA /* SynchronizedArrayTests.swift */,
				814C99E51F0F84800091EEDA /* Info.plist */,
			);
			path = SynchronizedArrayTests;
			sourceTree = "<group>";
		};
/* End PBXGroup section */

/* Begin PBXNativeTarget section */
		814C99CA1F0F84800091EEDA /* SynchronizedArray */ = {
			isa = PBXNativeTarget;
			buildConfigurationList = 814C99E81F0F84800091EEDA /* Build configuration list for PBXNativeTarget "SynchronizedArray" */;
			buildPhases = (
				814C99C71F0F84800091EEDA /* Sources */,
				814C99C81F0F84800091EEDA /* Frameworks */,
				814C99C91F0F84800091EEDA /* Resources */,
			);
			buildRules = (
			);
			dependencies = (
			);
			name = SynchronizedArray;
			productName = SynchronizedArray;
			productReference = 814C99CB1F0F84800091EEDA /* SynchronizedArray.app */;
			productType = "com.apple.product-type.application";
		};
		814C99DE1F0F84800091EEDA /* SynchronizedArrayTests */ = {
			isa = PBXNativeTarget;
			buildConfigurationList = 814C99EB1F0F84800091EEDA /* Build configuration list for PBXNativeTarget "SynchronizedArrayTests" */;
			buildPhases = (
				814C99DB1F0F84800091EEDA /* Sources */,
				814C99DC1F0F84800091EEDA /* Frameworks */,
				814C99DD1F0F84800091EEDA /* Resources */,
			);
			buildRules = (
			);
			dependencies = (
				814C99E11F0F84800091EEDA /* PBXTargetDependency */,
			);
			name = SynchronizedArrayTests;
			productName = SynchronizedArrayTests;
			productReference = 814C99DF1F0F84800091EEDA /* SynchronizedArrayTests.xctest */;
			productType = "com.apple.product-type.bundle.unit-test";
		};
/* End PBXNativeTarget section */

/* Begin PBXProject section */
		814C99C31F0F84800091EEDA /* Project object */ = {
			isa = PBXProject;
			attributes = {
				LastSwiftUpdateCheck = 0830;
				LastUpgradeCheck = 0830;
				ORGANIZATIONNAME = lg;
				TargetAttributes = {
					814C99CA1F0F84800091EEDA = {
						CreatedOnToolsVersion = 8.3.3;
						DevelopmentTeam = YLZNWS7686;
						ProvisioningStyle = Automatic;
					};
					814C99DE1F0F84800091EEDA = {
						CreatedOnToolsVersion = 8.3.3;
						DevelopmentTeam = YLZNWS7686;
						ProvisioningStyle = Automatic;
						TestTargetID = 814C99CA1F0F84800091EEDA;
					};
				};
			};
			buildConfigurationList = 814C99C61F0F84800091EEDA /* Build configuration list for PBXProject "SynchronizedArray" */;
			compatibilityVersion = "Xcode 3.2";
			developmentRegion = English;
			hasScannedForEncodings = 0;
			knownRegions = (
				en,
				Base,
			);
			mainGroup = 814C99C21F0F84800091EEDA;
			productRefGroup = 814C99CC1F0F84800091EEDA /* Products */;
			projectDirPath = "";
			projectRoot = "";
			targets = (
				814C99CA1F0F84800091EEDA /* SynchronizedArray */,
				814C99DE1F0F84800091EEDA /* SynchronizedArrayTests */,
			);
		};
/* End PBXProject section */

/* Begin PBXResourcesBuildPhase section */
		814C99C91F0F84800091EEDA /* Resources */ = {
			isa = PBXResourcesBuildPhase;
			buildActionMask = 2147483647;
			files = (
				814C99D91F0F84800091EEDA /* LaunchScreen.storyboard in Resources */,
				814C99D61F0F84800091EEDA /* Assets.xcassets in Resources */,
				814C99D41F0F84800091EEDA /* Main.storyboard in Resources */,
			);
			runOnlyForDeploymentPostprocessing = 0;
		};
		814C99DD1F0F84800091EEDA /* Resources */ = {
			isa = PBXResourcesBuildPhase;
			buildActionMask = 2147483647;
			files = (
			);
			runOnlyForDeploymentPostprocessing = 0;
		};
/* End PBXResourcesBuildPhase section */

/* Begin PBXSourcesBuildPhase section */
		814C99C71F0F84800091EEDA /* Sources */ = {
			isa = PBXSourcesBuildPhase;
			buildActionMask = 2147483647;
			files = (
				814C99D11F0F84800091EEDA /* ViewController.swift in Sources */,
				814C99EF1F0F84910091EEDA /* SynchronizedArray.swift in Sources */,
				814C99CF1F0F84800091EEDA /* AppDelegate.swift in Sources */,
			);
			runOnlyForDeploymentPostprocessing = 0;
		};
		814C99DB1F0F84800091EEDA /* Sources */ = {
			isa = PBXSourcesBuildPhase;
			buildActionMask = 2147483647;
			files = (
				814C99E41F0F84800091EEDA /* SynchronizedArrayTests.swift in Sources */,
			);
			runOnlyForDeploymentPostprocessing = 0;
		};
/* End PBXSourcesBuildPhase section */

/* Begin PBXTargetDependency section */
		814C99E11F0F84800091EEDA /* PBXTargetDependency */ = {
			isa = PBXTargetDependency;
			target = 814C99CA1F0F84800091EEDA /* SynchronizedArray */;
			targetProxy = 814C99E01F0F84800091EEDA /* PBXContainerItemProxy */;
		};
/* End PBXTargetDependency section */

/* Begin PBXVariantGroup section */
		814C99D21F0F84800091EEDA /* Main.storyboard */ = {
			isa = PBXVariantGroup;
			children = (
				814C99D31F0F84800091EEDA /* Base */,
			);
			name = Main.storyboard;
			sourceTree = "<group>";
		};
		814C99D71F0F84800091EEDA /* LaunchScreen.storyboard */ = {
			isa = PBXVariantGroup;
			children = (
				814C99D81F0F84800091EEDA /* Base */,
			);
			name = LaunchScreen.storyboard;
			sourceTree = "<group>";
		};
/* End PBXVariantGroup section */

/* Begin XCBuildConfiguration section */
		814C99E61F0F84800091EEDA /* Debug */ = {
			isa = XCBuildConfiguration;
			buildSettings = {
				ALWAYS_SEARCH_USER_PATHS = NO;
				CLANG_ANALYZER_NONNULL = YES;
				CLANG_ANALYZER_NUMBER_OBJECT_CONVERSION = YES_AGGRESSIVE;
				CLANG_CXX_LANGUAGE_STANDARD = "gnu++0x";
				CLANG_CXX_LIBRARY = "libc++";
				CLANG_ENABLE_MODULES = YES;
				CLANG_ENABLE_OBJC_ARC = YES;
				CLANG_WARN_BOOL_CONVERSION = YES;
				CLANG_WARN_CONSTANT_CONVERSION = YES;
				CLANG_WARN_DIRECT_OBJC_ISA_USAGE = YES_ERROR;
				CLANG_WARN_DOCUMENTATION_COMMENTS = YES;
				CLANG_WARN_EMPTY_BODY = YES;
				CLANG_WARN_ENUM_CONVERSION = YES;
				CLANG_WARN_INFINITE_RECURSION = YES;
				CLANG_WARN_INT_CONVERSION = YES;
				CLANG_WARN_OBJC_ROOT_CLASS = YES_ERROR;
				CLANG_WARN_SUSPICIOUS_MOVE = YES;
				CLANG_WARN_UNREACHABLE_CODE = YES;
				CLANG_WARN__DUPLICATE_METHOD_MATCH = YES;
				"CODE_SIGN_IDENTITY[sdk=iphoneos*]" = "iPhone Developer";
				COPY_PHASE_STRIP = NO;
				DEBUG_INFORMATION_FORMAT = dwarf;
				ENABLE_STRICT_OBJC_MSGSEND = YES;
				ENABLE_TESTABILITY = YES;
				GCC_C_LANGUAGE_STANDARD = gnu99;
				GCC_DYNAMIC_NO_PIC = NO;
				GCC_NO_COMMON_BLOCKS = YES;
				GCC_OPTIMIZATION_LEVEL = 0;
				GCC_PREPROCESSOR_DEFINITIONS = (
					"DEBUG=1",
					"$(inherited)",
				);
				GCC_WARN_64_TO_32_BIT_CONVERSION = YES;
				GCC_WARN_ABOUT_RETURN_TYPE = YES_ERROR;
				GCC_WARN_UNDECLARED_SELECTOR = YES;
				GCC_WARN_UNINITIALIZED_AUTOS = YES_AGGRESSIVE;
				GCC_WARN_UNUSED_FUNCTION = YES;
				GCC_WARN_UNUSED_VARIABLE = YES;
				IPHONEOS_DEPLOYMENT_TARGET = 10.3;
				MTL_ENABLE_DEBUG_INFO = YES;
				ONLY_ACTIVE_ARCH = YES;
				SDKROOT = iphoneos;
				SWIFT_ACTIVE_COMPILATION_CONDITIONS = DEBUG;
				SWIFT_OPTIMIZATION_LEVEL = "-Onone";
				TARGETED_DEVICE_FAMILY = "1,2";
			};
			name = Debug;
		};
		814C99E71F0F84800091EEDA /* Release */ = {
			isa = XCBuildConfiguration;
			buildSettings = {
				ALWAYS_SEARCH_USER_PATHS = NO;
				CLANG_ANALYZER_NONNULL = YES;
				CLANG_ANALYZER_NUMBER_OBJECT_CONVERSION = YES_AGGRESSIVE;
				CLANG_CXX_LANGUAGE_STANDARD = "gnu++0x";
				CLANG_CXX_LIBRARY = "libc++";
				CLANG_ENABLE_MODULES = YES;
				CLANG_ENABLE_OBJC_ARC = YES;
				CLANG_WARN_BOOL_CONVERSION = YES;
				CLANG_WARN_CONSTANT_CONVERSION = YES;
				CLANG_WARN_DIRECT_OBJC_ISA_USAGE = YES_ERROR;
				CLANG_WARN_DOCUMENTATION_COMMENTS = YES;
				CLANG_WARN_EMPTY_BODY = YES;
				CLANG_WARN_ENUM_CONVERSION = YES;
				CLANG_WARN_INFINITE_RECURSION = YES;
				CLANG_WARN_INT_CONVERSION = YES;
				CLANG_WARN_OBJC_ROOT_CLASS = YES_ERROR;
				CLANG_WARN_SUSPICIOUS_MOVE = YES;
				CLANG_WARN_UNREACHABLE_CODE = YES;
				CLANG_WARN__DUPLICATE_METHOD_MATCH = YES;
				"CODE_SIGN_IDENTITY[sdk=iphoneos*]" = "iPhone Developer";
				COPY_PHASE_STRIP = NO;
				DEBUG_INFORMATION_FORMAT = "dwarf-with-dsym";
				ENABLE_NS_ASSERTIONS = NO;
				ENABLE_STRICT_OBJC_MSGSEND = YES;
				GCC_C_LANGUAGE_STANDARD = gnu99;
				GCC_NO_COMMON_BLOCKS = YES;
				GCC_WARN_64_TO_32_BIT_CONVERSION = YES;
				GCC_WARN_ABOUT_RETURN_TYPE = YES_ERROR;
				GCC_WARN_UNDECLARED_SELECTOR = YES;
				GCC_WARN_UNINITIALIZED_AUTOS = YES_AGGRESSIVE;
				GCC_WARN_UNUSED_FUNCTION = YES;
				GCC_WARN_UNUSED_VARIABLE = YES;
				IPHONEOS_DEPLOYMENT_TARGET = 10.3;
				MTL_ENABLE_DEBUG_INFO = NO;
				SDKROOT = iphoneos;
				SWIFT_OPTIMIZATION_LEVEL = "-Owholemodule";
				TARGETED_DEVICE_FAMILY = "1,2";
				VALIDATE_PRODUCT = YES;
			};
			name = Release;
		};
		814C99E91F0F84800091EEDA /* Debug */ = {
			isa = XCBuildConfiguration;
			buildSettings = {
				ASSETCATALOG_COMPILER_APPICON_NAME = AppIcon;
				DEVELOPMENT_TEAM = YLZNWS7686;
				INFOPLIST_FILE = SynchronizedArray/Info.plist;
				LD_RUNPATH_SEARCH_PATHS = "$(inherited) @executable_path/Frameworks";
				PRODUCT_BUNDLE_IDENTIFIER = com.lg.SynchronizedArray;
				PRODUCT_NAME = "$(TARGET_NAME)";
				SWIFT_VERSION = 3.0;
			};
			name = Debug;
		};
		814C99EA1F0F84800091EEDA /* Release */ = {
			isa = XCBuildConfiguration;
			buildSettings = {
				ASSETCATALOG_COMPILER_APPICON_NAME = AppIcon;
				DEVELOPMENT_TEAM = YLZNWS7686;
				INFOPLIST_FILE = SynchronizedArray/Info.plist;
				LD_RUNPATH_SEARCH_PATHS = "$(inherited) @executable_path/Frameworks";
				PRODUCT_BUNDLE_IDENTIFIER = com.lg.SynchronizedArray;
				PRODUCT_NAME = "$(TARGET_NAME)";
				SWIFT_VERSION = 3.0;
			};
			name = Release;
		};
		814C99EC1F0F84800091EEDA /* Debug */ = {
			isa = XCBuildConfiguration;
			buildSettings = {
				ALWAYS_EMBED_SWIFT_STANDARD_LIBRARIES = YES;
				BUNDLE_LOADER = "$(TEST_HOST)";
				DEVELOPMENT_TEAM = YLZNWS7686;
				INFOPLIST_FILE = SynchronizedArrayTests/Info.plist;
				LD_RUNPATH_SEARCH_PATHS = "$(inherited) @executable_path/Frameworks @loader_path/Frameworks";
				PRODUCT_BUNDLE_IDENTIFIER = com.lg.SynchronizedArrayTests;
				PRODUCT_NAME = "$(TARGET_NAME)";
				SWIFT_VERSION = 3.0;
				TEST_HOST = "$(BUILT_PRODUCTS_DIR)/SynchronizedArray.app/SynchronizedArray";
			};
			name = Debug;
		};
		814C99ED1F0F84800091EEDA /* Release */ = {
			isa = XCBuildConfiguration;
			buildSettings = {
				ALWAYS_EMBED_SWIFT_STANDARD_LIBRARIES = YES;
				BUNDLE_LOADER = "$(TEST_HOST)";
				DEVELOPMENT_TEAM = YLZNWS7686;
				INFOPLIST_FILE = SynchronizedArrayTests/Info.plist;
				LD_RUNPATH_SEARCH_PATHS = "$(inherited) @executable_path/Frameworks @loader_path/Frameworks";
				PRODUCT_BUNDLE_IDENTIFIER = com.lg.SynchronizedArrayTests;
				PRODUCT_NAME = "$(TARGET_NAME)";
				SWIFT_VERSION = 3.0;
				TEST_HOST = "$(BUILT_PRODUCTS_DIR)/SynchronizedArray.app/SynchronizedArray";
			};
			name = Release;
		};
/* End XCBuildConfiguration section */

/* Begin XCConfigurationList section */
		814C99C61F0F84800091EEDA /* Build configuration list for PBXProject "SynchronizedArray" */ = {
			isa = XCConfigurationList;
			buildConfigurations = (
				814C99E61F0F84800091EEDA /* Debug */,
				814C99E71F0F84800091EEDA /* Release */,
			);
			defaultConfigurationIsVisible = 0;
			defaultConfigurationName = Release;
		};
		814C99E81F0F84800091EEDA /* Build configuration list for PBXNativeTarget "SynchronizedArray" */ = {
			isa = XCConfigurationList;
			buildConfigurations = (
				814C99E91F0F84800091EEDA /* Debug */,
				814C99EA1F0F84800091EEDA /* Release */,
			);
			defaultConfigurationIsVisible = 0;
		};
		814C99EB1F0F84800091EEDA /* Build configuration list for PBXNativeTarget "SynchronizedArrayTests" */ = {
			isa = XCConfigurationList;
			buildConfigurations = (
				814C99EC1F0F84800091EEDA /* Debug */,
				814C99ED1F0F84800091EEDA /* Release */,
			);
			defaultConfigurationIsVisible = 0;
		};
/* End XCConfigurationList section */
	};
	rootObject = 814C99C31F0F84800091EEDA /* Project object */;
}
